// !$*UTF8*$!
{
	archiveVersion = 1;
	classes = {
	};
	objectVersion = 56;
	objects = {

/* Begin PBXBuildFile section */
		BF8A62102BB9900600CE2D53 /* Main.swift in Sources */ = {isa = PBXBuildFile; fileRef = BF8A620F2BB9900600CE2D53 /* Main.swift */; };
		BF8A62142BB9900700CE2D53 /* Assets.xcassets in Resources */ = {isa = PBXBuildFile; fileRef = BF8A62132BB9900700CE2D53 /* Assets.xcassets */; };
		BF8A62182BB9900700CE2D53 /* Preview Assets.xcassets in Resources */ = {isa = PBXBuildFile; fileRef = BF8A62172BB9900700CE2D53 /* Preview Assets.xcassets */; };
		BF8A623C2BB9908200CE2D53 /* OrderBookEntry.swift in Sources */ = {isa = PBXBuildFile; fileRef = BF8A623B2BB9908200CE2D53 /* OrderBookEntry.swift */; };
		BF8A623D2BB9908200CE2D53 /* OrderBookEntry.swift in Sources */ = {isa = PBXBuildFile; fileRef = BF8A623B2BB9908200CE2D53 /* OrderBookEntry.swift */; };
		BF8A62422BB993BD00CE2D53 /* orderBookEntrySell.json in Resources */ = {isa = PBXBuildFile; fileRef = BF8A62412BB993BD00CE2D53 /* orderBookEntrySell.json */; };
		BF8A62442BB996F900CE2D53 /* Parser.swift in Sources */ = {isa = PBXBuildFile; fileRef = BF8A62432BB996F900CE2D53 /* Parser.swift */; };
		BF8A62452BB996F900CE2D53 /* Parser.swift in Sources */ = {isa = PBXBuildFile; fileRef = BF8A62432BB996F900CE2D53 /* Parser.swift */; };
		BF8A62472BB997C400CE2D53 /* JSONLoader.swift in Sources */ = {isa = PBXBuildFile; fileRef = BF8A62462BB997C400CE2D53 /* JSONLoader.swift */; };
		BF8A62492BB998A200CE2D53 /* OrderBookEntryTests.swift in Sources */ = {isa = PBXBuildFile; fileRef = BF8A62482BB998A200CE2D53 /* OrderBookEntryTests.swift */; };
		BF8A624B2BB999C500CE2D53 /* orderBookEntryBuy.json in Resources */ = {isa = PBXBuildFile; fileRef = BF8A624A2BB999C500CE2D53 /* orderBookEntryBuy.json */; };
		BF8A624E2BB99ACD00CE2D53 /* Starscream in Frameworks */ = {isa = PBXBuildFile; productRef = BF8A624D2BB99ACD00CE2D53 /* Starscream */; };
		BF8A62522BB99B7D00CE2D53 /* WebSocketMessage.swift in Sources */ = {isa = PBXBuildFile; fileRef = BF8A62512BB99B7D00CE2D53 /* WebSocketMessage.swift */; };
		BF8A62542BB99CBC00CE2D53 /* orderBookMessageWithData.json in Resources */ = {isa = PBXBuildFile; fileRef = BF8A62532BB99CBC00CE2D53 /* orderBookMessageWithData.json */; };
		BF8A62562BB99CD500CE2D53 /* WebSocketMessageTests.swift in Sources */ = {isa = PBXBuildFile; fileRef = BF8A62552BB99CD500CE2D53 /* WebSocketMessageTests.swift */; };
		BF8A62582BB99EC600CE2D53 /* orderBookMessage.json in Resources */ = {isa = PBXBuildFile; fileRef = BF8A62572BB99EC500CE2D53 /* orderBookMessage.json */; };
/* End PBXBuildFile section */

/* Begin PBXContainerItemProxy section */
		BF8A621E2BB9900700CE2D53 /* PBXContainerItemProxy */ = {
			isa = PBXContainerItemProxy;
			containerPortal = BF8A62042BB9900600CE2D53 /* Project object */;
			proxyType = 1;
			remoteGlobalIDString = BF8A620B2BB9900600CE2D53;
			remoteInfo = BuyHighSellLow;
		};
/* End PBXContainerItemProxy section */

/* Begin PBXFileReference section */
		BF8A620C2BB9900600CE2D53 /* BuyHighSellLow.app */ = {isa = PBXFileReference; explicitFileType = wrapper.application; includeInIndex = 0; path = BuyHighSellLow.app; sourceTree = BUILT_PRODUCTS_DIR; };
		BF8A620F2BB9900600CE2D53 /* Main.swift */ = {isa = PBXFileReference; lastKnownFileType = sourcecode.swift; path = Main.swift; sourceTree = "<group>"; };
		BF8A62132BB9900700CE2D53 /* Assets.xcassets */ = {isa = PBXFileReference; lastKnownFileType = folder.assetcatalog; path = Assets.xcassets; sourceTree = "<group>"; };
		BF8A62152BB9900700CE2D53 /* BuyHighSellLow.entitlements */ = {isa = PBXFileReference; lastKnownFileType = text.plist.entitlements; path = BuyHighSellLow.entitlements; sourceTree = "<group>"; };
		BF8A62172BB9900700CE2D53 /* Preview Assets.xcassets */ = {isa = PBXFileReference; lastKnownFileType = folder.assetcatalog; path = "Preview Assets.xcassets"; sourceTree = "<group>"; };
		BF8A621D2BB9900700CE2D53 /* BuyHighSellLowTests.xctest */ = {isa = PBXFileReference; explicitFileType = wrapper.cfbundle; includeInIndex = 0; path = BuyHighSellLowTests.xctest; sourceTree = BUILT_PRODUCTS_DIR; };
		BF8A623B2BB9908200CE2D53 /* OrderBookEntry.swift */ = {isa = PBXFileReference; lastKnownFileType = sourcecode.swift; path = OrderBookEntry.swift; sourceTree = "<group>"; };
		BF8A62412BB993BD00CE2D53 /* orderBookEntrySell.json */ = {isa = PBXFileReference; fileEncoding = 4; lastKnownFileType = text.json; path = orderBookEntrySell.json; sourceTree = "<group>"; };
		BF8A62432BB996F900CE2D53 /* Parser.swift */ = {isa = PBXFileReference; lastKnownFileType = sourcecode.swift; path = Parser.swift; sourceTree = "<group>"; };
		BF8A62462BB997C400CE2D53 /* JSONLoader.swift */ = {isa = PBXFileReference; lastKnownFileType = sourcecode.swift; path = JSONLoader.swift; sourceTree = "<group>"; };
		BF8A62482BB998A200CE2D53 /* OrderBookEntryTests.swift */ = {isa = PBXFileReference; lastKnownFileType = sourcecode.swift; path = OrderBookEntryTests.swift; sourceTree = "<group>"; };
		BF8A624A2BB999C500CE2D53 /* orderBookEntryBuy.json */ = {isa = PBXFileReference; fileEncoding = 4; lastKnownFileType = text.json; path = orderBookEntryBuy.json; sourceTree = "<group>"; };
		BF8A62512BB99B7D00CE2D53 /* WebSocketMessage.swift */ = {isa = PBXFileReference; lastKnownFileType = sourcecode.swift; path = WebSocketMessage.swift; sourceTree = "<group>"; };
		BF8A62532BB99CBC00CE2D53 /* orderBookMessageWithData.json */ = {isa = PBXFileReference; fileEncoding = 4; lastKnownFileType = text.json; path = orderBookMessageWithData.json; sourceTree = "<group>"; };
		BF8A62552BB99CD500CE2D53 /* WebSocketMessageTests.swift */ = {isa = PBXFileReference; lastKnownFileType = sourcecode.swift; path = WebSocketMessageTests.swift; sourceTree = "<group>"; };
		BF8A62572BB99EC500CE2D53 /* orderBookMessage.json */ = {isa = PBXFileReference; fileEncoding = 4; lastKnownFileType = text.json; path = orderBookMessage.json; sourceTree = "<group>"; };
/* End PBXFileReference section */

/* Begin PBXFrameworksBuildPhase section */
		BF8A62092BB9900600CE2D53 /* Frameworks */ = {
			isa = PBXFrameworksBuildPhase;
			buildActionMask = 2147483647;
			files = (
				BF8A624E2BB99ACD00CE2D53 /* Starscream in Frameworks */,
			);
			runOnlyForDeploymentPostprocessing = 0;
		};
		BF8A621A2BB9900700CE2D53 /* Frameworks */ = {
			isa = PBXFrameworksBuildPhase;
			buildActionMask = 2147483647;
			files = (
			);
			runOnlyForDeploymentPostprocessing = 0;
		};
/* End PBXFrameworksBuildPhase section */

/* Begin PBXGroup section */
		BF8A62032BB9900600CE2D53 = {
			isa = PBXGroup;
			children = (
				BF8A620E2BB9900600CE2D53 /* BuyHighSellLow */,
				BF8A62202BB9900700CE2D53 /* BuyHighSellLowTests */,
				BF8A620D2BB9900600CE2D53 /* Products */,
			);
			sourceTree = "<group>";
		};
		BF8A620D2BB9900600CE2D53 /* Products */ = {
			isa = PBXGroup;
			children = (
				BF8A620C2BB9900600CE2D53 /* BuyHighSellLow.app */,
				BF8A621D2BB9900700CE2D53 /* BuyHighSellLowTests.xctest */,
			);
			name = Products;
			sourceTree = "<group>";
		};
		BF8A620E2BB9900600CE2D53 /* BuyHighSellLow */ = {
			isa = PBXGroup;
			children = (
				BF8A623A2BB9907400CE2D53 /* Model */,
				BF8A620F2BB9900600CE2D53 /* Main.swift */,
				BF8A62132BB9900700CE2D53 /* Assets.xcassets */,
				BF8A62152BB9900700CE2D53 /* BuyHighSellLow.entitlements */,
				BF8A62162BB9900700CE2D53 /* Preview Content */,
			);
			path = BuyHighSellLow;
			sourceTree = "<group>";
		};
		BF8A62162BB9900700CE2D53 /* Preview Content */ = {
			isa = PBXGroup;
			children = (
				BF8A62172BB9900700CE2D53 /* Preview Assets.xcassets */,
			);
			path = "Preview Content";
			sourceTree = "<group>";
		};
		BF8A62202BB9900700CE2D53 /* BuyHighSellLowTests */ = {
			isa = PBXGroup;
			children = (
				BF8A62462BB997C400CE2D53 /* JSONLoader.swift */,
				BF8A62482BB998A200CE2D53 /* OrderBookEntryTests.swift */,
				BF8A62552BB99CD500CE2D53 /* WebSocketMessageTests.swift */,
			);
			path = BuyHighSellLowTests;
			sourceTree = "<group>";
		};
		BF8A623A2BB9907400CE2D53 /* Model */ = {
			isa = PBXGroup;
			children = (
				BF8A62502BB99B6800CE2D53 /* WebSocketMessage */,
				BF8A624F2BB99B5A00CE2D53 /* OrderBookEntry */,
				BF8A62432BB996F900CE2D53 /* Parser.swift */,
			);
			path = Model;
			sourceTree = "<group>";
		};
		BF8A624F2BB99B5A00CE2D53 /* OrderBookEntry */ = {
			isa = PBXGroup;
			children = (
				BF8A624A2BB999C500CE2D53 /* orderBookEntryBuy.json */,
				BF8A62412BB993BD00CE2D53 /* orderBookEntrySell.json */,
				BF8A623B2BB9908200CE2D53 /* OrderBookEntry.swift */,
			);
			path = OrderBookEntry;
			sourceTree = "<group>";
		};
		BF8A62502BB99B6800CE2D53 /* WebSocketMessage */ = {
			isa = PBXGroup;
			children = (
				BF8A62572BB99EC500CE2D53 /* orderBookMessage.json */,
				BF8A62532BB99CBC00CE2D53 /* orderBookMessageWithData.json */,
				BF8A62512BB99B7D00CE2D53 /* WebSocketMessage.swift */,
			);
			path = WebSocketMessage;
			sourceTree = "<group>";
		};
/* End PBXGroup section */

/* Begin PBXNativeTarget section */
		BF8A620B2BB9900600CE2D53 /* BuyHighSellLow */ = {
			isa = PBXNativeTarget;
			buildConfigurationList = BF8A62312BB9900700CE2D53 /* Build configuration list for PBXNativeTarget "BuyHighSellLow" */;
			buildPhases = (
				BF8A62082BB9900600CE2D53 /* Sources */,
				BF8A62092BB9900600CE2D53 /* Frameworks */,
				BF8A620A2BB9900600CE2D53 /* Resources */,
			);
			buildRules = (
			);
			dependencies = (
			);
			name = BuyHighSellLow;
			packageProductDependencies = (
				BF8A624D2BB99ACD00CE2D53 /* Starscream */,
			);
			productName = BuyHighSellLow;
			productReference = BF8A620C2BB9900600CE2D53 /* BuyHighSellLow.app */;
			productType = "com.apple.product-type.application";
		};
		BF8A621C2BB9900700CE2D53 /* BuyHighSellLowTests */ = {
			isa = PBXNativeTarget;
			buildConfigurationList = BF8A62342BB9900700CE2D53 /* Build configuration list for PBXNativeTarget "BuyHighSellLowTests" */;
			buildPhases = (
				BF8A62192BB9900700CE2D53 /* Sources */,
				BF8A621A2BB9900700CE2D53 /* Frameworks */,
				BF8A621B2BB9900700CE2D53 /* Resources */,
			);
			buildRules = (
			);
			dependencies = (
				BF8A621F2BB9900700CE2D53 /* PBXTargetDependency */,
			);
			name = BuyHighSellLowTests;
			productName = BuyHighSellLowTests;
			productReference = BF8A621D2BB9900700CE2D53 /* BuyHighSellLowTests.xctest */;
			productType = "com.apple.product-type.bundle.unit-test";
		};
/* End PBXNativeTarget section */

/* Begin PBXProject section */
		BF8A62042BB9900600CE2D53 /* Project object */ = {
			isa = PBXProject;
			attributes = {
				BuildIndependentTargetsInParallel = 1;
				LastSwiftUpdateCheck = 1530;
				LastUpgradeCheck = 1530;
				TargetAttributes = {
					BF8A620B2BB9900600CE2D53 = {
						CreatedOnToolsVersion = 15.3;
					};
					BF8A621C2BB9900700CE2D53 = {
						CreatedOnToolsVersion = 15.3;
						LastSwiftMigration = 1530;
						TestTargetID = BF8A620B2BB9900600CE2D53;
					};
				};
			};
			buildConfigurationList = BF8A62072BB9900600CE2D53 /* Build configuration list for PBXProject "BuyHighSellLow" */;
			compatibilityVersion = "Xcode 14.0";
			developmentRegion = en;
			hasScannedForEncodings = 0;
			knownRegions = (
				en,
				Base,
			);
			mainGroup = BF8A62032BB9900600CE2D53;
			packageReferences = (
				BF8A624C2BB99ACD00CE2D53 /* XCRemoteSwiftPackageReference "Starscream" */,
			);
			productRefGroup = BF8A620D2BB9900600CE2D53 /* Products */;
			projectDirPath = "";
			projectRoot = "";
			targets = (
				BF8A620B2BB9900600CE2D53 /* BuyHighSellLow */,
				BF8A621C2BB9900700CE2D53 /* BuyHighSellLowTests */,
			);
		};
/* End PBXProject section */

/* Begin PBXResourcesBuildPhase section */
		BF8A620A2BB9900600CE2D53 /* Resources */ = {
			isa = PBXResourcesBuildPhase;
			buildActionMask = 2147483647;
			files = (
				BF8A62182BB9900700CE2D53 /* Preview Assets.xcassets in Resources */,
				BF8A62542BB99CBC00CE2D53 /* orderBookMessageWithData.json in Resources */,
				BF8A62422BB993BD00CE2D53 /* orderBookEntrySell.json in Resources */,
				BF8A62582BB99EC600CE2D53 /* orderBookMessage.json in Resources */,
				BF8A62142BB9900700CE2D53 /* Assets.xcassets in Resources */,
				BF8A624B2BB999C500CE2D53 /* orderBookEntryBuy.json in Resources */,
			);
			runOnlyForDeploymentPostprocessing = 0;
		};
		BF8A621B2BB9900700CE2D53 /* Resources */ = {
			isa = PBXResourcesBuildPhase;
			buildActionMask = 2147483647;
			files = (
			);
			runOnlyForDeploymentPostprocessing = 0;
		};
/* End PBXResourcesBuildPhase section */

/* Begin PBXSourcesBuildPhase section */
		BF8A62082BB9900600CE2D53 /* Sources */ = {
			isa = PBXSourcesBuildPhase;
			buildActionMask = 2147483647;
			files = (
				BF8A62102BB9900600CE2D53 /* Main.swift in Sources */,
				BF8A62522BB99B7D00CE2D53 /* WebSocketMessage.swift in Sources */,
				BF8A623C2BB9908200CE2D53 /* OrderBookEntry.swift in Sources */,
				BF8A62442BB996F900CE2D53 /* Parser.swift in Sources */,
			);
			runOnlyForDeploymentPostprocessing = 0;
		};
		BF8A62192BB9900700CE2D53 /* Sources */ = {
			isa = PBXSourcesBuildPhase;
			buildActionMask = 2147483647;
			files = (
				BF8A62492BB998A200CE2D53 /* OrderBookEntryTests.swift in Sources */,
				BF8A62452BB996F900CE2D53 /* Parser.swift in Sources */,
				BF8A623D2BB9908200CE2D53 /* OrderBookEntry.swift in Sources */,
				BF8A62562BB99CD500CE2D53 /* WebSocketMessageTests.swift in Sources */,
				BF8A62472BB997C400CE2D53 /* JSONLoader.swift in Sources */,
			);
			runOnlyForDeploymentPostprocessing = 0;
		};
/* End PBXSourcesBuildPhase section */

/* Begin PBXTargetDependency section */
		BF8A621F2BB9900700CE2D53 /* PBXTargetDependency */ = {
			isa = PBXTargetDependency;
			target = BF8A620B2BB9900600CE2D53 /* BuyHighSellLow */;
			targetProxy = BF8A621E2BB9900700CE2D53 /* PBXContainerItemProxy */;
		};
/* End PBXTargetDependency section */

/* Begin XCBuildConfiguration section */
		BF8A622F2BB9900700CE2D53 /* Debug */ = {
			isa = XCBuildConfiguration;
			buildSettings = {
				ALWAYS_SEARCH_USER_PATHS = NO;
				ASSETCATALOG_COMPILER_GENERATE_SWIFT_ASSET_SYMBOL_EXTENSIONS = YES;
				CLANG_ANALYZER_NONNULL = YES;
				CLANG_ANALYZER_NUMBER_OBJECT_CONVERSION = YES_AGGRESSIVE;
				CLANG_CXX_LANGUAGE_STANDARD = "gnu++20";
				CLANG_ENABLE_MODULES = YES;
				CLANG_ENABLE_OBJC_ARC = YES;
				CLANG_ENABLE_OBJC_WEAK = YES;
				CLANG_WARN_BLOCK_CAPTURE_AUTORELEASING = YES;
				CLANG_WARN_BOOL_CONVERSION = YES;
				CLANG_WARN_COMMA = YES;
				CLANG_WARN_CONSTANT_CONVERSION = YES;
				CLANG_WARN_DEPRECATED_OBJC_IMPLEMENTATIONS = YES;
				CLANG_WARN_DIRECT_OBJC_ISA_USAGE = YES_ERROR;
				CLANG_WARN_DOCUMENTATION_COMMENTS = YES;
				CLANG_WARN_EMPTY_BODY = YES;
				CLANG_WARN_ENUM_CONVERSION = YES;
				CLANG_WARN_INFINITE_RECURSION = YES;
				CLANG_WARN_INT_CONVERSION = YES;
				CLANG_WARN_NON_LITERAL_NULL_CONVERSION = YES;
				CLANG_WARN_OBJC_IMPLICIT_RETAIN_SELF = YES;
				CLANG_WARN_OBJC_LITERAL_CONVERSION = YES;
				CLANG_WARN_OBJC_ROOT_CLASS = YES_ERROR;
				CLANG_WARN_QUOTED_INCLUDE_IN_FRAMEWORK_HEADER = YES;
				CLANG_WARN_RANGE_LOOP_ANALYSIS = YES;
				CLANG_WARN_STRICT_PROTOTYPES = YES;
				CLANG_WARN_SUSPICIOUS_MOVE = YES;
				CLANG_WARN_UNGUARDED_AVAILABILITY = YES_AGGRESSIVE;
				CLANG_WARN_UNREACHABLE_CODE = YES;
				CLANG_WARN__DUPLICATE_METHOD_MATCH = YES;
				COPY_PHASE_STRIP = NO;
				DEBUG_INFORMATION_FORMAT = dwarf;
				ENABLE_STRICT_OBJC_MSGSEND = YES;
				ENABLE_TESTABILITY = YES;
				ENABLE_USER_SCRIPT_SANDBOXING = YES;
				GCC_C_LANGUAGE_STANDARD = gnu17;
				GCC_DYNAMIC_NO_PIC = NO;
				GCC_NO_COMMON_BLOCKS = YES;
				GCC_OPTIMIZATION_LEVEL = 0;
				GCC_PREPROCESSOR_DEFINITIONS = (
					"DEBUG=1",
					"$(inherited)",
				);
				GCC_WARN_64_TO_32_BIT_CONVERSION = YES;
				GCC_WARN_ABOUT_RETURN_TYPE = YES_ERROR;
				GCC_WARN_UNDECLARED_SELECTOR = YES;
				GCC_WARN_UNINITIALIZED_AUTOS = YES_AGGRESSIVE;
				GCC_WARN_UNUSED_FUNCTION = YES;
				GCC_WARN_UNUSED_VARIABLE = YES;
				LOCALIZATION_PREFERS_STRING_CATALOGS = YES;
				MTL_ENABLE_DEBUG_INFO = INCLUDE_SOURCE;
				MTL_FAST_MATH = YES;
				ONLY_ACTIVE_ARCH = YES;
				SWIFT_ACTIVE_COMPILATION_CONDITIONS = "DEBUG $(inherited)";
				SWIFT_OPTIMIZATION_LEVEL = "-Onone";
			};
			name = Debug;
		};
		BF8A62302BB9900700CE2D53 /* Release */ = {
			isa = XCBuildConfiguration;
			buildSettings = {
				ALWAYS_SEARCH_USER_PATHS = NO;
				ASSETCATALOG_COMPILER_GENERATE_SWIFT_ASSET_SYMBOL_EXTENSIONS = YES;
				CLANG_ANALYZER_NONNULL = YES;
				CLANG_ANALYZER_NUMBER_OBJECT_CONVERSION = YES_AGGRESSIVE;
				CLANG_CXX_LANGUAGE_STANDARD = "gnu++20";
				CLANG_ENABLE_MODULES = YES;
				CLANG_ENABLE_OBJC_ARC = YES;
				CLANG_ENABLE_OBJC_WEAK = YES;
				CLANG_WARN_BLOCK_CAPTURE_AUTORELEASING = YES;
				CLANG_WARN_BOOL_CONVERSION = YES;
				CLANG_WARN_COMMA = YES;
				CLANG_WARN_CONSTANT_CONVERSION = YES;
				CLANG_WARN_DEPRECATED_OBJC_IMPLEMENTATIONS = YES;
				CLANG_WARN_DIRECT_OBJC_ISA_USAGE = YES_ERROR;
				CLANG_WARN_DOCUMENTATION_COMMENTS = YES;
				CLANG_WARN_EMPTY_BODY = YES;
				CLANG_WARN_ENUM_CONVERSION = YES;
				CLANG_WARN_INFINITE_RECURSION = YES;
				CLANG_WARN_INT_CONVERSION = YES;
				CLANG_WARN_NON_LITERAL_NULL_CONVERSION = YES;
				CLANG_WARN_OBJC_IMPLICIT_RETAIN_SELF = YES;
				CLANG_WARN_OBJC_LITERAL_CONVERSION = YES;
				CLANG_WARN_OBJC_ROOT_CLASS = YES_ERROR;
				CLANG_WARN_QUOTED_INCLUDE_IN_FRAMEWORK_HEADER = YES;
				CLANG_WARN_RANGE_LOOP_ANALYSIS = YES;
				CLANG_WARN_STRICT_PROTOTYPES = YES;
				CLANG_WARN_SUSPICIOUS_MOVE = YES;
				CLANG_WARN_UNGUARDED_AVAILABILITY = YES_AGGRESSIVE;
				CLANG_WARN_UNREACHABLE_CODE = YES;
				CLANG_WARN__DUPLICATE_METHOD_MATCH = YES;
				COPY_PHASE_STRIP = NO;
				DEBUG_INFORMATION_FORMAT = "dwarf-with-dsym";
				ENABLE_NS_ASSERTIONS = NO;
				ENABLE_STRICT_OBJC_MSGSEND = YES;
				ENABLE_USER_SCRIPT_SANDBOXING = YES;
				GCC_C_LANGUAGE_STANDARD = gnu17;
				GCC_NO_COMMON_BLOCKS = YES;
				GCC_WARN_64_TO_32_BIT_CONVERSION = YES;
				GCC_WARN_ABOUT_RETURN_TYPE = YES_ERROR;
				GCC_WARN_UNDECLARED_SELECTOR = YES;
				GCC_WARN_UNINITIALIZED_AUTOS = YES_AGGRESSIVE;
				GCC_WARN_UNUSED_FUNCTION = YES;
				GCC_WARN_UNUSED_VARIABLE = YES;
				LOCALIZATION_PREFERS_STRING_CATALOGS = YES;
				MTL_ENABLE_DEBUG_INFO = NO;
				MTL_FAST_MATH = YES;
				SWIFT_COMPILATION_MODE = wholemodule;
			};
			name = Release;
		};
		BF8A62322BB9900700CE2D53 /* Debug */ = {
			isa = XCBuildConfiguration;
			buildSettings = {
				ASSETCATALOG_COMPILER_APPICON_NAME = AppIcon;
				ASSETCATALOG_COMPILER_GLOBAL_ACCENT_COLOR_NAME = AccentColor;
				CODE_SIGN_ENTITLEMENTS = BuyHighSellLow/BuyHighSellLow.entitlements;
				CODE_SIGN_STYLE = Automatic;
				CURRENT_PROJECT_VERSION = 1;
				DEVELOPMENT_ASSET_PATHS = "\"BuyHighSellLow/Preview Content\"";
				DEVELOPMENT_TEAM = 25WL36ABTN;
				ENABLE_HARDENED_RUNTIME = YES;
				ENABLE_PREVIEWS = YES;
				GENERATE_INFOPLIST_FILE = YES;
				"INFOPLIST_KEY_UIApplicationSceneManifest_Generation[sdk=iphoneos*]" = YES;
				"INFOPLIST_KEY_UIApplicationSceneManifest_Generation[sdk=iphonesimulator*]" = YES;
				"INFOPLIST_KEY_UIApplicationSupportsIndirectInputEvents[sdk=iphoneos*]" = YES;
				"INFOPLIST_KEY_UIApplicationSupportsIndirectInputEvents[sdk=iphonesimulator*]" = YES;
				"INFOPLIST_KEY_UILaunchScreen_Generation[sdk=iphoneos*]" = YES;
				"INFOPLIST_KEY_UILaunchScreen_Generation[sdk=iphonesimulator*]" = YES;
				"INFOPLIST_KEY_UIStatusBarStyle[sdk=iphoneos*]" = UIStatusBarStyleDefault;
				"INFOPLIST_KEY_UIStatusBarStyle[sdk=iphonesimulator*]" = UIStatusBarStyleDefault;
				INFOPLIST_KEY_UISupportedInterfaceOrientations = UIInterfaceOrientationPortrait;
				INFOPLIST_KEY_UISupportedInterfaceOrientations_iPad = "UIInterfaceOrientationLandscapeLeft UIInterfaceOrientationLandscapeRight UIInterfaceOrientationPortrait UIInterfaceOrientationPortraitUpsideDown";
				IPHONEOS_DEPLOYMENT_TARGET = 17.4;
				LD_RUNPATH_SEARCH_PATHS = "@executable_path/Frameworks";
				"LD_RUNPATH_SEARCH_PATHS[sdk=macosx*]" = "@executable_path/../Frameworks";
				MACOSX_DEPLOYMENT_TARGET = 14.4;
				MARKETING_VERSION = 1.0;
				PRODUCT_BUNDLE_IDENTIFIER = com.missingems.oracle.BuyHighSellLow;
				PRODUCT_NAME = "$(TARGET_NAME)";
				SDKROOT = auto;
				SUPPORTED_PLATFORMS = "iphoneos iphonesimulator";
				SUPPORTS_MACCATALYST = NO;
				SWIFT_EMIT_LOC_STRINGS = YES;
				SWIFT_VERSION = 5.0;
				TARGETED_DEVICE_FAMILY = 1;
			};
			name = Debug;
		};
		BF8A62332BB9900700CE2D53 /* Release */ = {
			isa = XCBuildConfiguration;
			buildSettings = {
				ASSETCATALOG_COMPILER_APPICON_NAME = AppIcon;
				ASSETCATALOG_COMPILER_GLOBAL_ACCENT_COLOR_NAME = AccentColor;
				CODE_SIGN_ENTITLEMENTS = BuyHighSellLow/BuyHighSellLow.entitlements;
				CODE_SIGN_STYLE = Automatic;
				CURRENT_PROJECT_VERSION = 1;
				DEVELOPMENT_ASSET_PATHS = "\"BuyHighSellLow/Preview Content\"";
				DEVELOPMENT_TEAM = 25WL36ABTN;
				ENABLE_HARDENED_RUNTIME = YES;
				ENABLE_PREVIEWS = YES;
				GENERATE_INFOPLIST_FILE = YES;
				"INFOPLIST_KEY_UIApplicationSceneManifest_Generation[sdk=iphoneos*]" = YES;
				"INFOPLIST_KEY_UIApplicationSceneManifest_Generation[sdk=iphonesimulator*]" = YES;
				"INFOPLIST_KEY_UIApplicationSupportsIndirectInputEvents[sdk=iphoneos*]" = YES;
				"INFOPLIST_KEY_UIApplicationSupportsIndirectInputEvents[sdk=iphonesimulator*]" = YES;
				"INFOPLIST_KEY_UILaunchScreen_Generation[sdk=iphoneos*]" = YES;
				"INFOPLIST_KEY_UILaunchScreen_Generation[sdk=iphonesimulator*]" = YES;
				"INFOPLIST_KEY_UIStatusBarStyle[sdk=iphoneos*]" = UIStatusBarStyleDefault;
				"INFOPLIST_KEY_UIStatusBarStyle[sdk=iphonesimulator*]" = UIStatusBarStyleDefault;
				INFOPLIST_KEY_UISupportedInterfaceOrientations = UIInterfaceOrientationPortrait;
				INFOPLIST_KEY_UISupportedInterfaceOrientations_iPad = "UIInterfaceOrientationLandscapeLeft UIInterfaceOrientationLandscapeRight UIInterfaceOrientationPortrait UIInterfaceOrientationPortraitUpsideDown";
				IPHONEOS_DEPLOYMENT_TARGET = 17.4;
				LD_RUNPATH_SEARCH_PATHS = "@executable_path/Frameworks";
				"LD_RUNPATH_SEARCH_PATHS[sdk=macosx*]" = "@executable_path/../Frameworks";
				MACOSX_DEPLOYMENT_TARGET = 14.4;
				MARKETING_VERSION = 1.0;
				PRODUCT_BUNDLE_IDENTIFIER = com.missingems.oracle.BuyHighSellLow;
				PRODUCT_NAME = "$(TARGET_NAME)";
				SDKROOT = auto;
				SUPPORTED_PLATFORMS = "iphoneos iphonesimulator";
				SUPPORTS_MACCATALYST = NO;
				SWIFT_EMIT_LOC_STRINGS = YES;
				SWIFT_VERSION = 5.0;
				TARGETED_DEVICE_FAMILY = 1;
			};
			name = Release;
		};
		BF8A62352BB9900700CE2D53 /* Debug */ = {
			isa = XCBuildConfiguration;
			buildSettings = {
				ALWAYS_EMBED_SWIFT_STANDARD_LIBRARIES = YES;
				BUNDLE_LOADER = "$(TEST_HOST)";
				CLANG_ENABLE_MODULES = YES;
				CODE_SIGN_STYLE = Automatic;
				CURRENT_PROJECT_VERSION = 1;
				DEVELOPMENT_TEAM = 25WL36ABTN;
				GENERATE_INFOPLIST_FILE = YES;
				IPHONEOS_DEPLOYMENT_TARGET = 17.4;
				MACOSX_DEPLOYMENT_TARGET = 14.4;
				MARKETING_VERSION = 1.0;
				PRODUCT_BUNDLE_IDENTIFIER = com.missingems.oracle.BuyHighSellLowTests;
				PRODUCT_NAME = "$(TARGET_NAME)";
				SDKROOT = auto;
				SUPPORTED_PLATFORMS = "iphoneos iphonesimulator macosx";
				SWIFT_EMIT_LOC_STRINGS = NO;
				SWIFT_OPTIMIZATION_LEVEL = "-Onone";
				SWIFT_VERSION = 5.0;
				TARGETED_DEVICE_FAMILY = "1,2";
				TEST_HOST = "$(BUILT_PRODUCTS_DIR)/BuyHighSellLow.app/$(BUNDLE_EXECUTABLE_FOLDER_PATH)/BuyHighSellLow";
			};
			name = Debug;
		};
		BF8A62362BB9900700CE2D53 /* Release */ = {
			isa = XCBuildConfiguration;
			buildSettings = {
				ALWAYS_EMBED_SWIFT_STANDARD_LIBRARIES = YES;
				BUNDLE_LOADER = "$(TEST_HOST)";
				CLANG_ENABLE_MODULES = YES;
				CODE_SIGN_STYLE = Automatic;
				CURRENT_PROJECT_VERSION = 1;
				DEVELOPMENT_TEAM = 25WL36ABTN;
				GENERATE_INFOPLIST_FILE = YES;
				IPHONEOS_DEPLOYMENT_TARGET = 17.4;
				MACOSX_DEPLOYMENT_TARGET = 14.4;
				MARKETING_VERSION = 1.0;
				PRODUCT_BUNDLE_IDENTIFIER = com.missingems.oracle.BuyHighSellLowTests;
				PRODUCT_NAME = "$(TARGET_NAME)";
				SDKROOT = auto;
				SUPPORTED_PLATFORMS = "iphoneos iphonesimulator macosx";
				SWIFT_EMIT_LOC_STRINGS = NO;
				SWIFT_VERSION = 5.0;
				TARGETED_DEVICE_FAMILY = "1,2";
				TEST_HOST = "$(BUILT_PRODUCTS_DIR)/BuyHighSellLow.app/$(BUNDLE_EXECUTABLE_FOLDER_PATH)/BuyHighSellLow";
			};
			name = Release;
		};
/* End XCBuildConfiguration section */

/* Begin XCConfigurationList section */
		BF8A62072BB9900600CE2D53 /* Build configuration list for PBXProject "BuyHighSellLow" */ = {
			isa = XCConfigurationList;
			buildConfigurations = (
				BF8A622F2BB9900700CE2D53 /* Debug */,
				BF8A62302BB9900700CE2D53 /* Release */,
			);
			defaultConfigurationIsVisible = 0;
			defaultConfigurationName = Release;
		};
		BF8A62312BB9900700CE2D53 /* Build configuration list for PBXNativeTarget "BuyHighSellLow" */ = {
			isa = XCConfigurationList;
			buildConfigurations = (
				BF8A62322BB9900700CE2D53 /* Debug */,
				BF8A62332BB9900700CE2D53 /* Release */,
			);
			defaultConfigurationIsVisible = 0;
			defaultConfigurationName = Release;
		};
		BF8A62342BB9900700CE2D53 /* Build configuration list for PBXNativeTarget "BuyHighSellLowTests" */ = {
			isa = XCConfigurationList;
			buildConfigurations = (
				BF8A62352BB9900700CE2D53 /* Debug */,
				BF8A62362BB9900700CE2D53 /* Release */,
			);
			defaultConfigurationIsVisible = 0;
			defaultConfigurationName = Release;
		};
/* End XCConfigurationList section */

/* Begin XCRemoteSwiftPackageReference section */
		BF8A624C2BB99ACD00CE2D53 /* XCRemoteSwiftPackageReference "Starscream" */ = {
			isa = XCRemoteSwiftPackageReference;
			repositoryURL = "https://github.com/daltoniam/Starscream";
			requirement = {
				kind = upToNextMajorVersion;
				minimumVersion = 4.0.8;
			};
		};
/* End XCRemoteSwiftPackageReference section */

/* Begin XCSwiftPackageProductDependency section */
		BF8A624D2BB99ACD00CE2D53 /* Starscream */ = {
			isa = XCSwiftPackageProductDependency;
			package = BF8A624C2BB99ACD00CE2D53 /* XCRemoteSwiftPackageReference "Starscream" */;
			productName = Starscream;
		};
/* End XCSwiftPackageProductDependency section */
	};
	rootObject = BF8A62042BB9900600CE2D53 /* Project object */;
}
